{
  "version": 4,
  "terraform_version": "1.0.7",
  "serial": 149,
  "lineage": "f4e55711-4538-9cc4-3556-4c1a814f7578",
  "outputs": {},
  "resources": [
    {
      "mode": "managed",
      "type": "azurerm_network_interface",
      "name": "main",
      "provider": "provider[\"registry.terraform.io/hashicorp/azurerm\"]",
      "instances": [
        {
          "index_key": 0,
          "schema_version": 0,
          "attributes": {
            "applied_dns_servers": [],
            "dns_servers": [],
            "enable_accelerated_networking": false,
            "enable_ip_forwarding": false,
            "id": "/subscriptions/8f0b057f-c046-4551-805c-40b1c861f499/resourceGroups/012-resources/providers/Microsoft.Network/networkInterfaces/012-nic0",
            "internal_dns_name_label": "",
            "internal_domain_name_suffix": "33jhtewcyo3uvftyn5acxgn4ba.dx.internal.cloudapp.net",
            "ip_configuration": [
              {
                "name": "internal",
                "primary": true,
                "private_ip_address": "10.0.2.6",
                "private_ip_address_allocation": "Dynamic",
                "private_ip_address_version": "IPv4",
                "public_ip_address_id": "",
                "subnet_id": "/subscriptions/8f0b057f-c046-4551-805c-40b1c861f499/resourceGroups/012-resources/providers/Microsoft.Network/virtualNetworks/012-network/subnets/internal"
              }
            ],
            "location": "westus",
            "mac_address": "00-22-48-04-11-81",
            "name": "012-nic0",
            "private_ip_address": "10.0.2.6",
            "private_ip_addresses": [
              "10.0.2.6"
            ],
            "resource_group_name": "012-resources",
            "tags": {},
            "timeouts": null,
            "virtual_machine_id": "/subscriptions/8f0b057f-c046-4551-805c-40b1c861f499/resourceGroups/012-resources/providers/Microsoft.Compute/virtualMachines/012-1-vm"
          },
          "sensitive_attributes": [],
          "private": "eyJlMmJmYjczMC1lY2FhLTExZTYtOGY4OC0zNDM2M2JjN2M0YzAiOnsiY3JlYXRlIjoxODAwMDAwMDAwMDAwLCJkZWxldGUiOjE4MDAwMDAwMDAwMDAsInJlYWQiOjMwMDAwMDAwMDAwMCwidXBkYXRlIjoxODAwMDAwMDAwMDAwfX0=",
          "dependencies": [
            "azurerm_resource_group.main",
            "azurerm_subnet.internal",
            "azurerm_virtual_network.main"
          ]
        },
        {
          "index_key": 1,
          "schema_version": 0,
          "attributes": {
            "applied_dns_servers": [],
            "dns_servers": [],
            "enable_accelerated_networking": false,
            "enable_ip_forwarding": false,
            "id": "/subscriptions/8f0b057f-c046-4551-805c-40b1c861f499/resourceGroups/012-resources/providers/Microsoft.Network/networkInterfaces/012-nic1",
            "internal_dns_name_label": "",
            "internal_domain_name_suffix": "33jhtewcyo3uvftyn5acxgn4ba.dx.internal.cloudapp.net",
            "ip_configuration": [
              {
                "name": "internal",
                "primary": true,
                "private_ip_address": "10.0.2.4",
                "private_ip_address_allocation": "Dynamic",
                "private_ip_address_version": "IPv4",
                "public_ip_address_id": "",
                "subnet_id": "/subscriptions/8f0b057f-c046-4551-805c-40b1c861f499/resourceGroups/012-resources/providers/Microsoft.Network/virtualNetworks/012-network/subnets/internal"
              }
            ],
            "location": "westus",
            "mac_address": "00-22-48-04-DC-59",
            "name": "012-nic1",
            "private_ip_address": "10.0.2.4",
            "private_ip_addresses": [
              "10.0.2.4"
            ],
            "resource_group_name": "012-resources",
            "tags": {},
            "timeouts": null,
            "virtual_machine_id": "/subscriptions/8f0b057f-c046-4551-805c-40b1c861f499/resourceGroups/012-resources/providers/Microsoft.Compute/virtualMachines/012-2-vm"
          },
          "sensitive_attributes": [],
          "private": "eyJlMmJmYjczMC1lY2FhLTExZTYtOGY4OC0zNDM2M2JjN2M0YzAiOnsiY3JlYXRlIjoxODAwMDAwMDAwMDAwLCJkZWxldGUiOjE4MDAwMDAwMDAwMDAsInJlYWQiOjMwMDAwMDAwMDAwMCwidXBkYXRlIjoxODAwMDAwMDAwMDAwfX0=",
          "dependencies": [
            "azurerm_resource_group.main",
            "azurerm_subnet.internal",
            "azurerm_virtual_network.main"
          ]
        },
        {
          "index_key": 2,
          "schema_version": 0,
          "attributes": {
            "applied_dns_servers": [],
            "dns_servers": [],
            "enable_accelerated_networking": false,
            "enable_ip_forwarding": false,
            "id": "/subscriptions/8f0b057f-c046-4551-805c-40b1c861f499/resourceGroups/012-resources/providers/Microsoft.Network/networkInterfaces/012-nic2",
            "internal_dns_name_label": "",
            "internal_domain_name_suffix": "33jhtewcyo3uvftyn5acxgn4ba.dx.internal.cloudapp.net",
            "ip_configuration": [
              {
                "name": "internal",
                "primary": true,
                "private_ip_address": "10.0.2.5",
                "private_ip_address_allocation": "Dynamic",
                "private_ip_address_version": "IPv4",
                "public_ip_address_id": "",
                "subnet_id": "/subscriptions/8f0b057f-c046-4551-805c-40b1c861f499/resourceGroups/012-resources/providers/Microsoft.Network/virtualNetworks/012-network/subnets/internal"
              }
            ],
            "location": "westus",
            "mac_address": "00-22-48-04-19-B9",
            "name": "012-nic2",
            "private_ip_address": "10.0.2.5",
            "private_ip_addresses": [
              "10.0.2.5"
            ],
            "resource_group_name": "012-resources",
            "tags": {},
            "timeouts": null,
            "virtual_machine_id": "/subscriptions/8f0b057f-c046-4551-805c-40b1c861f499/resourceGroups/012-resources/providers/Microsoft.Compute/virtualMachines/012-3-vm"
          },
          "sensitive_attributes": [],
          "private": "eyJlMmJmYjczMC1lY2FhLTExZTYtOGY4OC0zNDM2M2JjN2M0YzAiOnsiY3JlYXRlIjoxODAwMDAwMDAwMDAwLCJkZWxldGUiOjE4MDAwMDAwMDAwMDAsInJlYWQiOjMwMDAwMDAwMDAwMCwidXBkYXRlIjoxODAwMDAwMDAwMDAwfX0=",
          "dependencies": [
            "azurerm_resource_group.main",
            "azurerm_subnet.internal",
            "azurerm_virtual_network.main"
          ]
        }
      ]
    },
    {
      "mode": "managed",
      "type": "azurerm_network_security_group",
      "name": "main-sg",
      "provider": "provider[\"registry.terraform.io/hashicorp/azurerm\"]",
      "instances": [
        {
          "index_key": 2,
          "schema_version": 0,
          "attributes": {
            "id": "/subscriptions/8f0b057f-c046-4551-805c-40b1c861f499/resourceGroups/012-resources/providers/Microsoft.Network/networkSecurityGroups/main-sg",
            "location": "westus",
            "name": "main-sg",
            "resource_group_name": "012-resources",
            "security_rule": [
              {
                "access": "Allow",
                "description": "",
                "destination_address_prefix": "10.0.2.6",
                "destination_address_prefixes": [],
                "destination_application_security_group_ids": [],
                "destination_port_range": "*",
                "destination_port_ranges": [],
                "direction": "Inbound",
                "name": "internal-traffic",
                "priority": 100,
                "protocol": "Tcp",
                "source_address_prefix": "10.0.0.0/22",
                "source_address_prefixes": [],
                "source_application_security_group_ids": [],
                "source_port_range": "*",
                "source_port_ranges": []
              }
            ],
            "tags": {},
            "timeouts": null
          },
          "sensitive_attributes": [],
          "private": "eyJlMmJmYjczMC1lY2FhLTExZTYtOGY4OC0zNDM2M2JjN2M0YzAiOnsiY3JlYXRlIjoxODAwMDAwMDAwMDAwLCJkZWxldGUiOjE4MDAwMDAwMDAwMDAsInJlYWQiOjMwMDAwMDAwMDAwMCwidXBkYXRlIjoxODAwMDAwMDAwMDAwfX0=",
          "dependencies": [
            "azurerm_network_interface.main",
            "azurerm_resource_group.main",
            "azurerm_subnet.internal",
            "azurerm_virtual_network.main"
          ]
        }
      ]
    },
    {
      "mode": "managed",
      "type": "azurerm_resource_group",
      "name": "main",
      "provider": "provider[\"registry.terraform.io/hashicorp/azurerm\"]",
      "instances": [
        {
          "schema_version": 0,
          "attributes": {
            "id": "/subscriptions/8f0b057f-c046-4551-805c-40b1c861f499/resourceGroups/012-resources",
            "location": "westus",
            "name": "012-resources",
            "tags": {
              "environment": "Production"
            },
            "timeouts": null
          },
          "sensitive_attributes": [],
          "private": "eyJlMmJmYjczMC1lY2FhLTExZTYtOGY4OC0zNDM2M2JjN2M0YzAiOnsiY3JlYXRlIjo1NDAwMDAwMDAwMDAwLCJkZWxldGUiOjU0MDAwMDAwMDAwMDAsInJlYWQiOjMwMDAwMDAwMDAwMCwidXBkYXRlIjo1NDAwMDAwMDAwMDAwfX0="
        }
      ]
    },
    {
      "mode": "managed",
      "type": "azurerm_subnet",
      "name": "internal",
      "provider": "provider[\"registry.terraform.io/hashicorp/azurerm\"]",
      "instances": [
        {
          "schema_version": 0,
          "attributes": {
            "address_prefix": "10.0.2.0/24",
            "address_prefixes": [
              "10.0.2.0/24"
            ],
            "delegation": [],
            "enforce_private_link_endpoint_network_policies": false,
            "enforce_private_link_service_network_policies": false,
            "id": "/subscriptions/8f0b057f-c046-4551-805c-40b1c861f499/resourceGroups/012-resources/providers/Microsoft.Network/virtualNetworks/012-network/subnets/internal",
            "name": "internal",
            "resource_group_name": "012-resources",
            "service_endpoint_policy_ids": [],
            "service_endpoints": [],
            "timeouts": null,
            "virtual_network_name": "012-network"
          },
          "sensitive_attributes": [],
          "private": "eyJlMmJmYjczMC1lY2FhLTExZTYtOGY4OC0zNDM2M2JjN2M0YzAiOnsiY3JlYXRlIjoxODAwMDAwMDAwMDAwLCJkZWxldGUiOjE4MDAwMDAwMDAwMDAsInJlYWQiOjMwMDAwMDAwMDAwMCwidXBkYXRlIjoxODAwMDAwMDAwMDAwfX0=",
          "dependencies": [
            "azurerm_resource_group.main",
            "azurerm_virtual_network.main"
          ]
        }
      ]
    },
    {
      "mode": "managed",
      "type": "azurerm_virtual_network",
      "name": "main",
      "provider": "provider[\"registry.terraform.io/hashicorp/azurerm\"]",
      "instances": [
        {
          "schema_version": 0,
          "attributes": {
            "address_space": [
              "10.0.0.0/22"
            ],
            "bgp_community": "",
            "ddos_protection_plan": [],
            "dns_servers": [],
            "guid": "927952ef-c3c2-4abb-9678-6fc02b99be08",
            "id": "/subscriptions/8f0b057f-c046-4551-805c-40b1c861f499/resourceGroups/012-resources/providers/Microsoft.Network/virtualNetworks/012-network",
            "location": "westus",
            "name": "012-network",
            "resource_group_name": "012-resources",
            "subnet": [
              {
                "address_prefix": "10.0.2.0/24",
                "id": "/subscriptions/8f0b057f-c046-4551-805c-40b1c861f499/resourceGroups/012-resources/providers/Microsoft.Network/virtualNetworks/012-network/subnets/internal",
                "name": "internal",
                "security_group": ""
              }
            ],
            "tags": {},
            "timeouts": null,
            "vm_protection_enabled": false
          },
          "sensitive_attributes": [],
          "private": "eyJlMmJmYjczMC1lY2FhLTExZTYtOGY4OC0zNDM2M2JjN2M0YzAiOnsiY3JlYXRlIjoxODAwMDAwMDAwMDAwLCJkZWxldGUiOjE4MDAwMDAwMDAwMDAsInJlYWQiOjMwMDAwMDAwMDAwMCwidXBkYXRlIjoxODAwMDAwMDAwMDAwfX0=",
          "dependencies": [
            "azurerm_resource_group.main"
          ]
        }
      ]
    }
  ]
}
